
Microsoft Visual Studio Solution File, Format Version 12.00
# Visual Studio Version 16
VisualStudioVersion = 16.0.31019.35
MinimumVisualStudioVersion = 10.0.40219.1
Project("{FAE04EC0-301F-11D3-BF4B-00C04F79EFBC}") = "Matematik", "Matematik\Matematik.csproj", "{FDBFE6B0-7652-4AA6-BB4C-BEF5674E0269}"
EndProject
Global
	GlobalSection(SolutionConfigurationPlatforms) = preSolution
		Debug|Any CPU = Debug|Any CPU
		Release|Any CPU = Release|Any CPU
	EndGlobalSection
	GlobalSection(ProjectConfigurationPlatforms) = postSolution
		{FDBFE6B0-7652-4AA6-BB4C-BEF5674E0269}.Debug|Any CPU.ActiveCfg = Debug|Any CPU
		{FDBFE6B0-7652-4AA6-BB4C-BEF5674E0269}.Debug|Any CPU.Build.0 = Debug|Any CPU
		{FDBFE6B0-7652-4AA6-BB4C-BEF5674E0269}.Release|Any CPU.ActiveCfg = Release|Any CPU
		{FDBFE6B0-7652-4AA6-BB4C-BEF5674E0269}.Release|Any CPU.Build.0 = Release|Any CPU
	EndGlobalSection
	GlobalSection(SolutionProperties) = preSolution
		HideSolutionNode = FALSE
	EndGlobalSection
	GlobalSection(ExtensibilityGlobals) = postSolution
		SolutionGuid = {2FE23DF7-EA11-47C9-B611-FDB2885EF258}
	EndGlobalSection
EndGlobal
